
Microsoft Visual Studio Solution File, Format Version 12.00
# Visual Studio Version 16
VisualStudioVersion = 16.0.30907.101
MinimumVisualStudioVersion = 10.0.40219.1
Project("{FAE04EC0-301F-11D3-BF4B-00C04F79EFBC}") = "CountDown", "CountDown\CountDown.csproj", "{165C241C-04E2-40B1-AEB5-4BD991E5BB25}"
EndProject
Global
	GlobalSection(SolutionConfigurationPlatforms) = preSolution
		Debug|Any CPU = Debug|Any CPU
		Release|Any CPU = Release|Any CPU
	EndGlobalSection
	GlobalSection(ProjectConfigurationPlatforms) = postSolution
		{165C241C-04E2-40B1-AEB5-4BD991E5BB25}.Debug|Any CPU.ActiveCfg = Debug|Any CPU
		{165C241C-04E2-40B1-AEB5-4BD991E5BB25}.Debug|Any CPU.Build.0 = Debug|Any CPU
		{165C241C-04E2-40B1-AEB5-4BD991E5BB25}.Release|Any CPU.ActiveCfg = Release|Any CPU
		{165C241C-04E2-40B1-AEB5-4BD991E5BB25}.Release|Any CPU.Build.0 = Release|Any CPU
	EndGlobalSection
	GlobalSection(SolutionProperties) = preSolution
		HideSolutionNode = FALSE
	EndGlobalSection
	GlobalSection(ExtensibilityGlobals) = postSolution
		SolutionGuid = {F2FE5079-E43A-432F-86A8-D96CA29382C0}
	EndGlobalSection
EndGlobal
